
Microsoft Visual Studio Solution File, Format Version 12.00
# Visual Studio 15
VisualStudioVersion = 15.0.28010.2026
MinimumVisualStudioVersion = 10.0.40219.1
Project("{FAE04EC0-301F-11D3-BF4B-00C04F79EFBC}") = "Mod", "Mod\Mod.csproj", "{22248921-6215-49D2-9B61-642B68393AEE}"
EndProject
Project("{2150E333-8FDC-42A3-9474-1A3956D46DE8}") = "Solution Items", "Solution Items", "{4393A9BF-E798-4B28-884B-1942E1E90C86}"
	ProjectSection(SolutionItems) = preProject
		.gitignore = .gitignore
		deploy.cmd = deploy.cmd
		exclude.txt = exclude.txt
		GitVersion.yml = GitVersion.yml
		LICENSE = LICENSE
		README.md = README.md
		Workshop.txt = Workshop.txt
	EndProjectSection
EndProject
Project("{FAE04EC0-301F-11D3-BF4B-00C04F79EFBC}") = "Scripts", "Scripts\Scripts.csproj", "{C3CAF348-3065-46B0-9D01-6057F7A63C28}"
EndProject
Global
	GlobalSection(SolutionConfigurationPlatforms) = preSolution
		Debug|Any CPU = Debug|Any CPU
		Release|Any CPU = Release|Any CPU
	EndGlobalSection
	GlobalSection(ProjectConfigurationPlatforms) = postSolution
		{22248921-6215-49D2-9B61-642B68393AEE}.Debug|Any CPU.ActiveCfg = Debug|Any CPU
		{22248921-6215-49D2-9B61-642B68393AEE}.Debug|Any CPU.Build.0 = Debug|Any CPU
		{22248921-6215-49D2-9B61-642B68393AEE}.Release|Any CPU.ActiveCfg = Release|Any CPU
		{22248921-6215-49D2-9B61-642B68393AEE}.Release|Any CPU.Build.0 = Release|Any CPU
		{C3CAF348-3065-46B0-9D01-6057F7A63C28}.Debug|Any CPU.ActiveCfg = Debug|Any CPU
		{C3CAF348-3065-46B0-9D01-6057F7A63C28}.Debug|Any CPU.Build.0 = Debug|Any CPU
		{C3CAF348-3065-46B0-9D01-6057F7A63C28}.Release|Any CPU.ActiveCfg = Release|Any CPU
		{C3CAF348-3065-46B0-9D01-6057F7A63C28}.Release|Any CPU.Build.0 = Release|Any CPU
	EndGlobalSection
	GlobalSection(SolutionProperties) = preSolution
		HideSolutionNode = FALSE
	EndGlobalSection
	GlobalSection(ExtensibilityGlobals) = postSolution
		SolutionGuid = {9058DCCE-C302-414F-88FD-0F2A7ABE1BEE}
	EndGlobalSection
EndGlobal
